
Microsoft Visual Studio Solution File, Format Version 12.00
# Visual Studio 15
VisualStudioVersion = 15.0.26730.16
MinimumVisualStudioVersion = 10.0.40219.1
Project("{8BC9CEB8-8B4A-11D0-8D11-00A0C91BC942}") = "JTMN.MemorySpoofer", "JTMN.MemorySpoofer\JTMN.MemorySpoofer.vcxproj", "{2F182490-9A3D-4294-84E4-59F75BF955B8}"
EndProject
Project("{8BC9CEB8-8B4A-11D0-8D11-00A0C91BC942}") = "JTMN.Injector", "JTMN.Injector\JTMN.Injector.vcxproj", "{A7E71957-456F-4F4F-A2F7-3C743DCAE952}"
EndProject
Project("{2150E333-8FDC-42A3-9474-1A3956D46DE8}") = "Injectables", "Injectables", "{C0225E2A-76FA-4609-882B-30C0FA36A0D5}"
EndProject
Project("{8BC9CEB8-8B4A-11D0-8D11-00A0C91BC942}") = "AC.Injectable", "AC.Injectable\AC.Injectable.vcxproj", "{69ECE2FC-EC25-4D75-AC0F-BA695230C678}"
EndProject
Global
	GlobalSection(SolutionConfigurationPlatforms) = preSolution
		Debug|x64 = Debug|x64
		Debug|x86 = Debug|x86
		Release|x64 = Release|x64
		Release|x86 = Release|x86
	EndGlobalSection
	GlobalSection(ProjectConfigurationPlatforms) = postSolution
		{2F182490-9A3D-4294-84E4-59F75BF955B8}.Debug|x64.ActiveCfg = Debug|Win32
		{2F182490-9A3D-4294-84E4-59F75BF955B8}.Debug|x64.Build.0 = Debug|Win32
		{2F182490-9A3D-4294-84E4-59F75BF955B8}.Debug|x86.ActiveCfg = Debug|Win32
		{2F182490-9A3D-4294-84E4-59F75BF955B8}.Debug|x86.Build.0 = Debug|Win32
		{2F182490-9A3D-4294-84E4-59F75BF955B8}.Release|x64.ActiveCfg = Debug|Win32
		{2F182490-9A3D-4294-84E4-59F75BF955B8}.Release|x64.Build.0 = Debug|Win32
		{2F182490-9A3D-4294-84E4-59F75BF955B8}.Release|x86.ActiveCfg = Debug|Win32
		{2F182490-9A3D-4294-84E4-59F75BF955B8}.Release|x86.Build.0 = Debug|Win32
		{A7E71957-456F-4F4F-A2F7-3C743DCAE952}.Debug|x64.ActiveCfg = Debug|Win32
		{A7E71957-456F-4F4F-A2F7-3C743DCAE952}.Debug|x64.Build.0 = Debug|Win32
		{A7E71957-456F-4F4F-A2F7-3C743DCAE952}.Debug|x86.ActiveCfg = Debug|Win32
		{A7E71957-456F-4F4F-A2F7-3C743DCAE952}.Debug|x86.Build.0 = Debug|Win32
		{A7E71957-456F-4F4F-A2F7-3C743DCAE952}.Release|x64.ActiveCfg = Debug|Win32
		{A7E71957-456F-4F4F-A2F7-3C743DCAE952}.Release|x64.Build.0 = Debug|Win32
		{A7E71957-456F-4F4F-A2F7-3C743DCAE952}.Release|x86.ActiveCfg = Debug|Win32
		{A7E71957-456F-4F4F-A2F7-3C743DCAE952}.Release|x86.Build.0 = Debug|Win32
		{69ECE2FC-EC25-4D75-AC0F-BA695230C678}.Debug|x64.ActiveCfg = Debug|Win32
		{69ECE2FC-EC25-4D75-AC0F-BA695230C678}.Debug|x64.Build.0 = Debug|Win32
		{69ECE2FC-EC25-4D75-AC0F-BA695230C678}.Debug|x86.ActiveCfg = Debug|Win32
		{69ECE2FC-EC25-4D75-AC0F-BA695230C678}.Debug|x86.Build.0 = Debug|Win32
		{69ECE2FC-EC25-4D75-AC0F-BA695230C678}.Release|x64.ActiveCfg = Debug|Win32
		{69ECE2FC-EC25-4D75-AC0F-BA695230C678}.Release|x64.Build.0 = Debug|Win32
		{69ECE2FC-EC25-4D75-AC0F-BA695230C678}.Release|x86.ActiveCfg = Debug|Win32
		{69ECE2FC-EC25-4D75-AC0F-BA695230C678}.Release|x86.Build.0 = Debug|Win32
	EndGlobalSection
	GlobalSection(SolutionProperties) = preSolution
		HideSolutionNode = FALSE
	EndGlobalSection
	GlobalSection(NestedProjects) = preSolution
		{69ECE2FC-EC25-4D75-AC0F-BA695230C678} = {C0225E2A-76FA-4609-882B-30C0FA36A0D5}
	EndGlobalSection
	GlobalSection(ExtensibilityGlobals) = postSolution
		SolutionGuid = {71022FD1-847F-4BE1-92FF-0CC52AD57B1E}
	EndGlobalSection
EndGlobal
